// !$*UTF8*$!
{
	archiveVersion = 1;
	classes = {
	};
	objectVersion = 55;
	objects = {

/* Begin PBXBuildFile section */
		86DB222928AC12CD00C2CE19 /* ContantListUIApp.swift in Sources */ = {isa = PBXBuildFile; fileRef = 86DB222828AC12CD00C2CE19 /* ContantListUIApp.swift */; };
		86DB222B28AC12CD00C2CE19 /* ContentView.swift in Sources */ = {isa = PBXBuildFile; fileRef = 86DB222A28AC12CD00C2CE19 /* ContentView.swift */; };
		86DB222D28AC12CE00C2CE19 /* Assets.xcassets in Resources */ = {isa = PBXBuildFile; fileRef = 86DB222C28AC12CE00C2CE19 /* Assets.xcassets */; };
		86DB223028AC12CE00C2CE19 /* Preview Assets.xcassets in Resources */ = {isa = PBXBuildFile; fileRef = 86DB222F28AC12CE00C2CE19 /* Preview Assets.xcassets */; };
		86DB223728AC12E100C2CE19 /* DataManager.swift in Sources */ = {isa = PBXBuildFile; fileRef = 86DB223628AC12E100C2CE19 /* DataManager.swift */; };
		86DB223928AC138400C2CE19 /* Person.swift in Sources */ = {isa = PBXBuildFile; fileRef = 86DB223828AC138400C2CE19 /* Person.swift */; };
		86DB223D28AC162000C2CE19 /* ContactList.swift in Sources */ = {isa = PBXBuildFile; fileRef = 86DB223C28AC162000C2CE19 /* ContactList.swift */; };
		86DB223F28AC173A00C2CE19 /* PersonView.swift in Sources */ = {isa = PBXBuildFile; fileRef = 86DB223E28AC173A00C2CE19 /* PersonView.swift */; };
		86DB224128AC185600C2CE19 /* SectionsContactList.swift in Sources */ = {isa = PBXBuildFile; fileRef = 86DB224028AC185600C2CE19 /* SectionsContactList.swift */; };
/* End PBXBuildFile section */

/* Begin PBXFileReference section */
		86DB222528AC12CD00C2CE19 /* ContantListUI.app */ = {isa = PBXFileReference; explicitFileType = wrapper.application; includeInIndex = 0; path = ContantListUI.app; sourceTree = BUILT_PRODUCTS_DIR; };
		86DB222828AC12CD00C2CE19 /* ContantListUIApp.swift */ = {isa = PBXFileReference; lastKnownFileType = sourcecode.swift; path = ContantListUIApp.swift; sourceTree = "<group>"; };
		86DB222A28AC12CD00C2CE19 /* ContentView.swift */ = {isa = PBXFileReference; lastKnownFileType = sourcecode.swift; path = ContentView.swift; sourceTree = "<group>"; };
		86DB222C28AC12CE00C2CE19 /* Assets.xcassets */ = {isa = PBXFileReference; lastKnownFileType = folder.assetcatalog; path = Assets.xcassets; sourceTree = "<group>"; };
		86DB222F28AC12CE00C2CE19 /* Preview Assets.xcassets */ = {isa = PBXFileReference; lastKnownFileType = folder.assetcatalog; path = "Preview Assets.xcassets"; sourceTree = "<group>"; };
		86DB223628AC12E100C2CE19 /* DataManager.swift */ = {isa = PBXFileReference; lastKnownFileType = sourcecode.swift; path = DataManager.swift; sourceTree = "<group>"; };
		86DB223828AC138400C2CE19 /* Person.swift */ = {isa = PBXFileReference; lastKnownFileType = sourcecode.swift; path = Person.swift; sourceTree = "<group>"; };
		86DB223C28AC162000C2CE19 /* ContactList.swift */ = {isa = PBXFileReference; lastKnownFileType = sourcecode.swift; path = ContactList.swift; sourceTree = "<group>"; };
		86DB223E28AC173A00C2CE19 /* PersonView.swift */ = {isa = PBXFileReference; lastKnownFileType = sourcecode.swift; path = PersonView.swift; sourceTree = "<group>"; };
		86DB224028AC185600C2CE19 /* SectionsContactList.swift */ = {isa = PBXFileReference; lastKnownFileType = sourcecode.swift; path = SectionsContactList.swift; sourceTree = "<group>"; };
/* End PBXFileReference section */

/* Begin PBXFrameworksBuildPhase section */
		86DB222228AC12CD00C2CE19 /* Frameworks */ = {
			isa = PBXFrameworksBuildPhase;
			buildActionMask = 2147483647;
			files = (
			);
			runOnlyForDeploymentPostprocessing = 0;
		};
/* End PBXFrameworksBuildPhase section */

/* Begin PBXGroup section */
		86DB221C28AC12CD00C2CE19 = {
			isa = PBXGroup;
			children = (
				86DB222728AC12CD00C2CE19 /* ContantListUI */,
				86DB222628AC12CD00C2CE19 /* Products */,
			);
			sourceTree = "<group>";
		};
		86DB222628AC12CD00C2CE19 /* Products */ = {
			isa = PBXGroup;
			children = (
				86DB222528AC12CD00C2CE19 /* ContantListUI.app */,
			);
			name = Products;
			sourceTree = "<group>";
		};
		86DB222728AC12CD00C2CE19 /* ContantListUI */ = {
			isa = PBXGroup;
			children = (
				86DB222828AC12CD00C2CE19 /* ContantListUIApp.swift */,
				86DB222A28AC12CD00C2CE19 /* ContentView.swift */,
				86DB223C28AC162000C2CE19 /* ContactList.swift */,
				86DB223E28AC173A00C2CE19 /* PersonView.swift */,
				86DB224028AC185600C2CE19 /* SectionsContactList.swift */,
				86DB223B28AC159000C2CE19 /* Mangers */,
				86DB223A28AC158500C2CE19 /* Models */,
				86DB222C28AC12CE00C2CE19 /* Assets.xcassets */,
				86DB222E28AC12CE00C2CE19 /* Preview Content */,
			);
			path = ContantListUI;
			sourceTree = "<group>";
		};
		86DB222E28AC12CE00C2CE19 /* Preview Content */ = {
			isa = PBXGroup;
			children = (
				86DB222F28AC12CE00C2CE19 /* Preview Assets.xcassets */,
			);
			path = "Preview Content";
			sourceTree = "<group>";
		};
		86DB223A28AC158500C2CE19 /* Models */ = {
			isa = PBXGroup;
			children = (
				86DB223828AC138400C2CE19 /* Person.swift */,
			);
			path = Models;
			sourceTree = "<group>";
		};
		86DB223B28AC159000C2CE19 /* Mangers */ = {
			isa = PBXGroup;
			children = (
				86DB223628AC12E100C2CE19 /* DataManager.swift */,
			);
			path = Mangers;
			sourceTree = "<group>";
		};
/* End PBXGroup section */

/* Begin PBXNativeTarget section */
		86DB222428AC12CD00C2CE19 /* ContantListUI */ = {
			isa = PBXNativeTarget;
			buildConfigurationList = 86DB223328AC12CE00C2CE19 /* Build configuration list for PBXNativeTarget "ContantListUI" */;
			buildPhases = (
				86DB222128AC12CD00C2CE19 /* Sources */,
				86DB222228AC12CD00C2CE19 /* Frameworks */,
				86DB222328AC12CD00C2CE19 /* Resources */,
			);
			buildRules = (
			);
			dependencies = (
			);
			name = ContantListUI;
			productName = ContantListUI;
			productReference = 86DB222528AC12CD00C2CE19 /* ContantListUI.app */;
			productType = "com.apple.product-type.application";
		};
/* End PBXNativeTarget section */

/* Begin PBXProject section */
		86DB221D28AC12CD00C2CE19 /* Project object */ = {
			isa = PBXProject;
			attributes = {
				BuildIndependentTargetsInParallel = 1;
				LastSwiftUpdateCheck = 1340;
				LastUpgradeCheck = 1340;
				TargetAttributes = {
					86DB222428AC12CD00C2CE19 = {
						CreatedOnToolsVersion = 13.4.1;
					};
				};
			};
			buildConfigurationList = 86DB222028AC12CD00C2CE19 /* Build configuration list for PBXProject "ContantListUI" */;
			compatibilityVersion = "Xcode 13.0";
			developmentRegion = en;
			hasScannedForEncodings = 0;
			knownRegions = (
				en,
				Base,
			);
			mainGroup = 86DB221C28AC12CD00C2CE19;
			productRefGroup = 86DB222628AC12CD00C2CE19 /* Products */;
			projectDirPath = "";
			projectRoot = "";
			targets = (
				86DB222428AC12CD00C2CE19 /* ContantListUI */,
			);
		};
/* End PBXProject section */

/* Begin PBXResourcesBuildPhase section */
		86DB222328AC12CD00C2CE19 /* Resources */ = {
			isa = PBXResourcesBuildPhase;
			buildActionMask = 2147483647;
			files = (
				86DB223028AC12CE00C2CE19 /* Preview Assets.xcassets in Resources */,
				86DB222D28AC12CE00C2CE19 /* Assets.xcassets in Resources */,
			);
			runOnlyForDeploymentPostprocessing = 0;
		};
/* End PBXResourcesBuildPhase section */

/* Begin PBXSourcesBuildPhase section */
		86DB222128AC12CD00C2CE19 /* Sources */ = {
			isa = PBXSourcesBuildPhase;
			buildActionMask = 2147483647;
			files = (
				86DB224128AC185600C2CE19 /* SectionsContactList.swift in Sources */,
				86DB222B28AC12CD00C2CE19 /* ContentView.swift in Sources */,
				86DB223728AC12E100C2CE19 /* DataManager.swift in Sources */,
				86DB223928AC138400C2CE19 /* Person.swift in Sources */,
				86DB223F28AC173A00C2CE19 /* PersonView.swift in Sources */,
				86DB222928AC12CD00C2CE19 /* ContantListUIApp.swift in Sources */,
				86DB223D28AC162000C2CE19 /* ContactList.swift in Sources */,
			);
			runOnlyForDeploymentPostprocessing = 0;
		};
/* End PBXSourcesBuildPhase section */

/* Begin XCBuildConfiguration section */
		86DB223128AC12CE00C2CE19 /* Debug */ = {
			isa = XCBuildConfiguration;
			buildSettings = {
				ALWAYS_SEARCH_USER_PATHS = NO;
				CLANG_ANALYZER_NONNULL = YES;
				CLANG_ANALYZER_NUMBER_OBJECT_CONVERSION = YES_AGGRESSIVE;
				CLANG_CXX_LANGUAGE_STANDARD = "gnu++17";
				CLANG_ENABLE_MODULES = YES;
				CLANG_ENABLE_OBJC_ARC = YES;
				CLANG_ENABLE_OBJC_WEAK = YES;
				CLANG_WARN_BLOCK_CAPTURE_AUTORELEASING = YES;
				CLANG_WARN_BOOL_CONVERSION = YES;
				CLANG_WARN_COMMA = YES;
				CLANG_WARN_CONSTANT_CONVERSION = YES;
				CLANG_WARN_DEPRECATED_OBJC_IMPLEMENTATIONS = YES;
				CLANG_WARN_DIRECT_OBJC_ISA_USAGE = YES_ERROR;
				CLANG_WARN_DOCUMENTATION_COMMENTS = YES;
				CLANG_WARN_EMPTY_BODY = YES;
				CLANG_WARN_ENUM_CONVERSION = YES;
				CLANG_WARN_INFINITE_RECURSION = YES;
				CLANG_WARN_INT_CONVERSION = YES;
				CLANG_WARN_NON_LITERAL_NULL_CONVERSION = YES;
				CLANG_WARN_OBJC_IMPLICIT_RETAIN_SELF = YES;
				CLANG_WARN_OBJC_LITERAL_CONVERSION = YES;
				CLANG_WARN_OBJC_ROOT_CLASS = YES_ERROR;
				CLANG_WARN_QUOTED_INCLUDE_IN_FRAMEWORK_HEADER = YES;
				CLANG_WARN_RANGE_LOOP_ANALYSIS = YES;
				CLANG_WARN_STRICT_PROTOTYPES = YES;
				CLANG_WARN_SUSPICIOUS_MOVE = YES;
				CLANG_WARN_UNGUARDED_AVAILABILITY = YES_AGGRESSIVE;
				CLANG_WARN_UNREACHABLE_CODE = YES;
				CLANG_WARN__DUPLICATE_METHOD_MATCH = YES;
				COPY_PHASE_STRIP = NO;
				DEBUG_INFORMATION_FORMAT = dwarf;
				ENABLE_STRICT_OBJC_MSGSEND = YES;
				ENABLE_TESTABILITY = YES;
				GCC_C_LANGUAGE_STANDARD = gnu11;
				GCC_DYNAMIC_NO_PIC = NO;
				GCC_NO_COMMON_BLOCKS = YES;
				GCC_OPTIMIZATION_LEVEL = 0;
				GCC_PREPROCESSOR_DEFINITIONS = (
					"DEBUG=1",
					"$(inherited)",
				);
				GCC_WARN_64_TO_32_BIT_CONVERSION = YES;
				GCC_WARN_ABOUT_RETURN_TYPE = YES_ERROR;
				GCC_WARN_UNDECLARED_SELECTOR = YES;
				GCC_WARN_UNINITIALIZED_AUTOS = YES_AGGRESSIVE;
				GCC_WARN_UNUSED_FUNCTION = YES;
				GCC_WARN_UNUSED_VARIABLE = YES;
				IPHONEOS_DEPLOYMENT_TARGET = 15.5;
				MTL_ENABLE_DEBUG_INFO = INCLUDE_SOURCE;
				MTL_FAST_MATH = YES;
				ONLY_ACTIVE_ARCH = YES;
				SDKROOT = iphoneos;
				SWIFT_ACTIVE_COMPILATION_CONDITIONS = DEBUG;
				SWIFT_OPTIMIZATION_LEVEL = "-Onone";
			};
			name = Debug;
		};
		86DB223228AC12CE00C2CE19 /* Release */ = {
			isa = XCBuildConfiguration;
			buildSettings = {
				ALWAYS_SEARCH_USER_PATHS = NO;
				CLANG_ANALYZER_NONNULL = YES;
				CLANG_ANALYZER_NUMBER_OBJECT_CONVERSION = YES_AGGRESSIVE;
				CLANG_CXX_LANGUAGE_STANDARD = "gnu++17";
				CLANG_ENABLE_MODULES = YES;
				CLANG_ENABLE_OBJC_ARC = YES;
				CLANG_ENABLE_OBJC_WEAK = YES;
				CLANG_WARN_BLOCK_CAPTURE_AUTORELEASING = YES;
				CLANG_WARN_BOOL_CONVERSION = YES;
				CLANG_WARN_COMMA = YES;
				CLANG_WARN_CONSTANT_CONVERSION = YES;
				CLANG_WARN_DEPRECATED_OBJC_IMPLEMENTATIONS = YES;
				CLANG_WARN_DIRECT_OBJC_ISA_USAGE = YES_ERROR;
				CLANG_WARN_DOCUMENTATION_COMMENTS = YES;
				CLANG_WARN_EMPTY_BODY = YES;
				CLANG_WARN_ENUM_CONVERSION = YES;
				CLANG_WARN_INFINITE_RECURSION = YES;
				CLANG_WARN_INT_CONVERSION = YES;
				CLANG_WARN_NON_LITERAL_NULL_CONVERSION = YES;
				CLANG_WARN_OBJC_IMPLICIT_RETAIN_SELF = YES;
				CLANG_WARN_OBJC_LITERAL_CONVERSION = YES;
				CLANG_WARN_OBJC_ROOT_CLASS = YES_ERROR;
				CLANG_WARN_QUOTED_INCLUDE_IN_FRAMEWORK_HEADER = YES;
				CLANG_WARN_RANGE_LOOP_ANALYSIS = YES;
				CLANG_WARN_STRICT_PROTOTYPES = YES;
				CLANG_WARN_SUSPICIOUS_MOVE = YES;
				CLANG_WARN_UNGUARDED_AVAILABILITY = YES_AGGRESSIVE;
				CLANG_WARN_UNREACHABLE_CODE = YES;
				CLANG_WARN__DUPLICATE_METHOD_MATCH = YES;
				COPY_PHASE_STRIP = NO;
				DEBUG_INFORMATION_FORMAT = "dwarf-with-dsym";
				ENABLE_NS_ASSERTIONS = NO;
				ENABLE_STRICT_OBJC_MSGSEND = YES;
				GCC_C_LANGUAGE_STANDARD = gnu11;
				GCC_NO_COMMON_BLOCKS = YES;
				GCC_WARN_64_TO_32_BIT_CONVERSION = YES;
				GCC_WARN_ABOUT_RETURN_TYPE = YES_ERROR;
				GCC_WARN_UNDECLARED_SELECTOR = YES;
				GCC_WARN_UNINITIALIZED_AUTOS = YES_AGGRESSIVE;
				GCC_WARN_UNUSED_FUNCTION = YES;
				GCC_WARN_UNUSED_VARIABLE = YES;
				IPHONEOS_DEPLOYMENT_TARGET = 15.5;
				MTL_ENABLE_DEBUG_INFO = NO;
				MTL_FAST_MATH = YES;
				SDKROOT = iphoneos;
				SWIFT_COMPILATION_MODE = wholemodule;
				SWIFT_OPTIMIZATION_LEVEL = "-O";
				VALIDATE_PRODUCT = YES;
			};
			name = Release;
		};
		86DB223428AC12CE00C2CE19 /* Debug */ = {
			isa = XCBuildConfiguration;
			buildSettings = {
				ASSETCATALOG_COMPILER_APPICON_NAME = AppIcon;
				ASSETCATALOG_COMPILER_GLOBAL_ACCENT_COLOR_NAME = AccentColor;
				CODE_SIGN_STYLE = Automatic;
				CURRENT_PROJECT_VERSION = 1;
				DEVELOPMENT_ASSET_PATHS = "\"ContantListUI/Preview Content\"";
				DEVELOPMENT_TEAM = RB4GHHSS4P;
				ENABLE_PREVIEWS = YES;
				GENERATE_INFOPLIST_FILE = YES;
				INFOPLIST_KEY_UIApplicationSceneManifest_Generation = YES;
				INFOPLIST_KEY_UIApplicationSupportsIndirectInputEvents = YES;
				INFOPLIST_KEY_UILaunchScreen_Generation = YES;
				INFOPLIST_KEY_UISupportedInterfaceOrientations = UIInterfaceOrientationPortrait;
				INFOPLIST_KEY_UISupportedInterfaceOrientations_iPad = "UIInterfaceOrientationPortrait UIInterfaceOrientationPortraitUpsideDown UIInterfaceOrientationLandscapeLeft UIInterfaceOrientationLandscapeRight";
				INFOPLIST_KEY_UISupportedInterfaceOrientations_iPhone = "UIInterfaceOrientationPortrait UIInterfaceOrientationLandscapeLeft UIInterfaceOrientationLandscapeRight";
				LD_RUNPATH_SEARCH_PATHS = (
					"$(inherited)",
					"@executable_path/Frameworks",
				);
				MARKETING_VERSION = 1.0;
				PRODUCT_BUNDLE_IDENTIFIER = DenysIlnytskyi.ContantListUI;
				PRODUCT_NAME = "$(TARGET_NAME)";
				SWIFT_EMIT_LOC_STRINGS = YES;
				SWIFT_VERSION = 5.0;
				TARGETED_DEVICE_FAMILY = 1;
			};
			name = Debug;
		};
		86DB223528AC12CE00C2CE19 /* Release */ = {
			isa = XCBuildConfiguration;
			buildSettings = {
				ASSETCATALOG_COMPILER_APPICON_NAME = AppIcon;
				ASSETCATALOG_COMPILER_GLOBAL_ACCENT_COLOR_NAME = AccentColor;
				CODE_SIGN_STYLE = Automatic;
				CURRENT_PROJECT_VERSION = 1;
				DEVELOPMENT_ASSET_PATHS = "\"ContantListUI/Preview Content\"";
				DEVELOPMENT_TEAM = RB4GHHSS4P;
				ENABLE_PREVIEWS = YES;
				GENERATE_INFOPLIST_FILE = YES;
				INFOPLIST_KEY_UIApplicationSceneManifest_Generation = YES;
				INFOPLIST_KEY_UIApplicationSupportsIndirectInputEvents = YES;
				INFOPLIST_KEY_UILaunchScreen_Generation = YES;
				INFOPLIST_KEY_UISupportedInterfaceOrientations = UIInterfaceOrientationPortrait;
				INFOPLIST_KEY_UISupportedInterfaceOrientations_iPad = "UIInterfaceOrientationPortrait UIInterfaceOrientationPortraitUpsideDown UIInterfaceOrientationLandscapeLeft UIInterfaceOrientationLandscapeRight";
				INFOPLIST_KEY_UISupportedInterfaceOrientations_iPhone = "UIInterfaceOrientationPortrait UIInterfaceOrientationLandscapeLeft UIInterfaceOrientationLandscapeRight";
				LD_RUNPATH_SEARCH_PATHS = (
					"$(inherited)",
					"@executable_path/Frameworks",
				);
				MARKETING_VERSION = 1.0;
				PRODUCT_BUNDLE_IDENTIFIER = DenysIlnytskyi.ContantListUI;
				PRODUCT_NAME = "$(TARGET_NAME)";
				SWIFT_EMIT_LOC_STRINGS = YES;
				SWIFT_VERSION = 5.0;
				TARGETED_DEVICE_FAMILY = 1;
			};
			name = Release;
		};
/* End XCBuildConfiguration section */

/* Begin XCConfigurationList section */
		86DB222028AC12CD00C2CE19 /* Build configuration list for PBXProject "ContantListUI" */ = {
			isa = XCConfigurationList;
			buildConfigurations = (
				86DB223128AC12CE00C2CE19 /* Debug */,
				86DB223228AC12CE00C2CE19 /* Release */,
			);
			defaultConfigurationIsVisible = 0;
			defaultConfigurationName = Release;
		};
		86DB223328AC12CE00C2CE19 /* Build configuration list for PBXNativeTarget "ContantListUI" */ = {
			isa = XCConfigurationList;
			buildConfigurations = (
				86DB223428AC12CE00C2CE19 /* Debug */,
				86DB223528AC12CE00C2CE19 /* Release */,
			);
			defaultConfigurationIsVisible = 0;
			defaultConfigurationName = Release;
		};
/* End XCConfigurationList section */
	};
	rootObject = 86DB221D28AC12CD00C2CE19 /* Project object */;
}
